// !$*UTF8*$!
{
	archiveVersion = 1;
	classes = {
	};
	objectVersion = 56;
	objects = {

/* Begin PBXBuildFile section */
		0119C898716D518E3C1C5303 /* Pods_SQLManager.framework in Frameworks */ = {isa = PBXBuildFile; fileRef = 8A1615203026A50F832DE628 /* Pods_SQLManager.framework */; };
		F6163F5929B337B300A4B07A /* Extensions.swift in Sources */ = {isa = PBXBuildFile; fileRef = F6163F5829B337B300A4B07A /* Extensions.swift */; };
		F6163F5B29B3427800A4B07A /* TabBarController.swift in Sources */ = {isa = PBXBuildFile; fileRef = F6163F5A29B3427800A4B07A /* TabBarController.swift */; };
		F6163F6029B34F9A00A4B07A /* AddRowViewController.swift in Sources */ = {isa = PBXBuildFile; fileRef = F6163F5F29B34F9A00A4B07A /* AddRowViewController.swift */; };
		F6163F6229B352F300A4B07A /* Observable<T>.swift in Sources */ = {isa = PBXBuildFile; fileRef = F6163F6129B352F300A4B07A /* Observable<T>.swift */; };
		F6163F6629B35BD000A4B07A /* TextFieldCell.swift in Sources */ = {isa = PBXBuildFile; fileRef = F6163F6529B35BD000A4B07A /* TextFieldCell.swift */; };
		F640965C29B4D19200C45706 /* ColumnDataTypeModel.swift in Sources */ = {isa = PBXBuildFile; fileRef = F640965B29B4D19200C45706 /* ColumnDataTypeModel.swift */; };
		F640965E29B525E500C45706 /* NewRowModel.swift in Sources */ = {isa = PBXBuildFile; fileRef = F640965D29B525E500C45706 /* NewRowModel.swift */; };
		F640966229B53CD800C45706 /* InsertModel.swift in Sources */ = {isa = PBXBuildFile; fileRef = F640966129B53CD800C45706 /* InsertModel.swift */; };
		F67D7C1029AFD34500747976 /* AppDelegate.swift in Sources */ = {isa = PBXBuildFile; fileRef = F67D7C0F29AFD34500747976 /* AppDelegate.swift */; };
		F67D7C1229AFD34500747976 /* SceneDelegate.swift in Sources */ = {isa = PBXBuildFile; fileRef = F67D7C1129AFD34500747976 /* SceneDelegate.swift */; };
		F67D7C1429AFD34500747976 /* MainViewController.swift in Sources */ = {isa = PBXBuildFile; fileRef = F67D7C1329AFD34500747976 /* MainViewController.swift */; };
		F67D7C1929AFD34800747976 /* Assets.xcassets in Resources */ = {isa = PBXBuildFile; fileRef = F67D7C1829AFD34800747976 /* Assets.xcassets */; };
		F67D7C1C29AFD34800747976 /* LaunchScreen.storyboard in Resources */ = {isa = PBXBuildFile; fileRef = F67D7C1A29AFD34800747976 /* LaunchScreen.storyboard */; };
		F6B5E2A329B0D44300CB7D18 /* ViewModel.swift in Sources */ = {isa = PBXBuildFile; fileRef = F6B5E2A229B0D44300CB7D18 /* ViewModel.swift */; };
		F6B5E2A529B0D9D600CB7D18 /* Constants.swift in Sources */ = {isa = PBXBuildFile; fileRef = F6B5E2A429B0D9D600CB7D18 /* Constants.swift */; };
		F6B5E2A729B23DFC00CB7D18 /* LabelCell.swift in Sources */ = {isa = PBXBuildFile; fileRef = F6B5E2A629B23DFC00CB7D18 /* LabelCell.swift */; };
		F6BE760929B607080083DD33 /* EditRowViewController.swift in Sources */ = {isa = PBXBuildFile; fileRef = F6BE760829B607080083DD33 /* EditRowViewController.swift */; };
		F6C3915B29B08191009E36B4 /* ConnectionViewController.swift in Sources */ = {isa = PBXBuildFile; fileRef = F6C3915A29B08191009E36B4 /* ConnectionViewController.swift */; };
/* End PBXBuildFile section */

/* Begin PBXFileReference section */
		27B2B85CE345FF03929D3037 /* Pods-SQLManager.release.xcconfig */ = {isa = PBXFileReference; includeInIndex = 1; lastKnownFileType = text.xcconfig; name = "Pods-SQLManager.release.xcconfig"; path = "Target Support Files/Pods-SQLManager/Pods-SQLManager.release.xcconfig"; sourceTree = "<group>"; };
		57813C0EB07F8A69184EBCEC /* Pods-SQLManager.debug.xcconfig */ = {isa = PBXFileReference; includeInIndex = 1; lastKnownFileType = text.xcconfig; name = "Pods-SQLManager.debug.xcconfig"; path = "Target Support Files/Pods-SQLManager/Pods-SQLManager.debug.xcconfig"; sourceTree = "<group>"; };
		8A1615203026A50F832DE628 /* Pods_SQLManager.framework */ = {isa = PBXFileReference; explicitFileType = wrapper.framework; includeInIndex = 0; path = Pods_SQLManager.framework; sourceTree = BUILT_PRODUCTS_DIR; };
		F6163F5829B337B300A4B07A /* Extensions.swift */ = {isa = PBXFileReference; lastKnownFileType = sourcecode.swift; path = Extensions.swift; sourceTree = "<group>"; };
		F6163F5A29B3427800A4B07A /* TabBarController.swift */ = {isa = PBXFileReference; lastKnownFileType = sourcecode.swift; path = TabBarController.swift; sourceTree = "<group>"; };
		F6163F5F29B34F9A00A4B07A /* AddRowViewController.swift */ = {isa = PBXFileReference; lastKnownFileType = sourcecode.swift; path = AddRowViewController.swift; sourceTree = "<group>"; };
		F6163F6129B352F300A4B07A /* Observable<T>.swift */ = {isa = PBXFileReference; lastKnownFileType = sourcecode.swift; path = "Observable<T>.swift"; sourceTree = "<group>"; };
		F6163F6529B35BD000A4B07A /* TextFieldCell.swift */ = {isa = PBXFileReference; lastKnownFileType = sourcecode.swift; path = TextFieldCell.swift; sourceTree = "<group>"; };
		F640965B29B4D19200C45706 /* ColumnDataTypeModel.swift */ = {isa = PBXFileReference; lastKnownFileType = sourcecode.swift; path = ColumnDataTypeModel.swift; sourceTree = "<group>"; };
		F640965D29B525E500C45706 /* NewRowModel.swift */ = {isa = PBXFileReference; lastKnownFileType = sourcecode.swift; path = NewRowModel.swift; sourceTree = "<group>"; };
		F640966129B53CD800C45706 /* InsertModel.swift */ = {isa = PBXFileReference; lastKnownFileType = sourcecode.swift; path = InsertModel.swift; sourceTree = "<group>"; };
		F67D7C0C29AFD34500747976 /* SQLManager.app */ = {isa = PBXFileReference; explicitFileType = wrapper.application; includeInIndex = 0; path = SQLManager.app; sourceTree = BUILT_PRODUCTS_DIR; };
		F67D7C0F29AFD34500747976 /* AppDelegate.swift */ = {isa = PBXFileReference; lastKnownFileType = sourcecode.swift; path = AppDelegate.swift; sourceTree = "<group>"; };
		F67D7C1129AFD34500747976 /* SceneDelegate.swift */ = {isa = PBXFileReference; lastKnownFileType = sourcecode.swift; path = SceneDelegate.swift; sourceTree = "<group>"; };
		F67D7C1329AFD34500747976 /* MainViewController.swift */ = {isa = PBXFileReference; lastKnownFileType = sourcecode.swift; path = MainViewController.swift; sourceTree = "<group>"; };
		F67D7C1829AFD34800747976 /* Assets.xcassets */ = {isa = PBXFileReference; lastKnownFileType = folder.assetcatalog; path = Assets.xcassets; sourceTree = "<group>"; };
		F67D7C1B29AFD34800747976 /* Base */ = {isa = PBXFileReference; lastKnownFileType = file.storyboard; name = Base; path = Base.lproj/LaunchScreen.storyboard; sourceTree = "<group>"; };
		F67D7C1D29AFD34800747976 /* Info.plist */ = {isa = PBXFileReference; lastKnownFileType = text.plist.xml; path = Info.plist; sourceTree = "<group>"; };
		F6B5E2A229B0D44300CB7D18 /* ViewModel.swift */ = {isa = PBXFileReference; lastKnownFileType = sourcecode.swift; path = ViewModel.swift; sourceTree = "<group>"; };
		F6B5E2A429B0D9D600CB7D18 /* Constants.swift */ = {isa = PBXFileReference; lastKnownFileType = sourcecode.swift; path = Constants.swift; sourceTree = "<group>"; };
		F6B5E2A629B23DFC00CB7D18 /* LabelCell.swift */ = {isa = PBXFileReference; lastKnownFileType = sourcecode.swift; path = LabelCell.swift; sourceTree = "<group>"; };
		F6BE760829B607080083DD33 /* EditRowViewController.swift */ = {isa = PBXFileReference; lastKnownFileType = sourcecode.swift; path = EditRowViewController.swift; sourceTree = "<group>"; };
		F6C3915A29B08191009E36B4 /* ConnectionViewController.swift */ = {isa = PBXFileReference; lastKnownFileType = sourcecode.swift; path = ConnectionViewController.swift; sourceTree = "<group>"; };
/* End PBXFileReference section */

/* Begin PBXFrameworksBuildPhase section */
		F67D7C0929AFD34500747976 /* Frameworks */ = {
			isa = PBXFrameworksBuildPhase;
			buildActionMask = 2147483647;
			files = (
				0119C898716D518E3C1C5303 /* Pods_SQLManager.framework in Frameworks */,
			);
			runOnlyForDeploymentPostprocessing = 0;
		};
/* End PBXFrameworksBuildPhase section */

/* Begin PBXGroup section */
		A5EB2D3C02A2EF8A3CD93733 /* Frameworks */ = {
			isa = PBXGroup;
			children = (
				8A1615203026A50F832DE628 /* Pods_SQLManager.framework */,
			);
			name = Frameworks;
			sourceTree = "<group>";
		};
		F2AFD3AA6AD0311C7615310C /* Pods */ = {
			isa = PBXGroup;
			children = (
				57813C0EB07F8A69184EBCEC /* Pods-SQLManager.debug.xcconfig */,
				27B2B85CE345FF03929D3037 /* Pods-SQLManager.release.xcconfig */,
			);
			path = Pods;
			sourceTree = "<group>";
		};
		F6163F5C29B344A600A4B07A /* Application */ = {
			isa = PBXGroup;
			children = (
				F67D7C0F29AFD34500747976 /* AppDelegate.swift */,
				F67D7C1129AFD34500747976 /* SceneDelegate.swift */,
			);
			path = Application;
			sourceTree = "<group>";
		};
		F6163F5D29B344B500A4B07A /* View */ = {
			isa = PBXGroup;
			children = (
				F6C796E429B4ADAC009750F2 /* Cells */,
				F67D7C1329AFD34500747976 /* MainViewController.swift */,
				F6C3915A29B08191009E36B4 /* ConnectionViewController.swift */,
				F6163F5F29B34F9A00A4B07A /* AddRowViewController.swift */,
				F6BE760829B607080083DD33 /* EditRowViewController.swift */,
			);
			path = View;
			sourceTree = "<group>";
		};
		F6163F5E29B344DB00A4B07A /* Resources */ = {
			isa = PBXGroup;
			children = (
				F67D7C1829AFD34800747976 /* Assets.xcassets */,
				F6B5E2A429B0D9D600CB7D18 /* Constants.swift */,
				F6163F5829B337B300A4B07A /* Extensions.swift */,
				F6163F6129B352F300A4B07A /* Observable<T>.swift */,
			);
			path = Resources;
			sourceTree = "<group>";
		};
		F67D7C0329AFD34500747976 = {
			isa = PBXGroup;
			children = (
				F67D7C0E29AFD34500747976 /* SQLManager */,
				F67D7C0D29AFD34500747976 /* Products */,
				F2AFD3AA6AD0311C7615310C /* Pods */,
				A5EB2D3C02A2EF8A3CD93733 /* Frameworks */,
			);
			sourceTree = "<group>";
		};
		F67D7C0D29AFD34500747976 /* Products */ = {
			isa = PBXGroup;
			children = (
				F67D7C0C29AFD34500747976 /* SQLManager.app */,
			);
			name = Products;
			sourceTree = "<group>";
		};
		F67D7C0E29AFD34500747976 /* SQLManager */ = {
			isa = PBXGroup;
			children = (
				F6163F5C29B344A600A4B07A /* Application */,
				F6163F5D29B344B500A4B07A /* View */,
				F6BE760729B5FA350083DD33 /* Models */,
				F6163F5E29B344DB00A4B07A /* Resources */,
				F6163F5A29B3427800A4B07A /* TabBarController.swift */,
				F6B5E2A229B0D44300CB7D18 /* ViewModel.swift */,
				F67D7C1A29AFD34800747976 /* LaunchScreen.storyboard */,
				F67D7C1D29AFD34800747976 /* Info.plist */,
			);
			path = SQLManager;
			sourceTree = "<group>";
		};
		F6BE760729B5FA350083DD33 /* Models */ = {
			isa = PBXGroup;
			children = (
				F640965B29B4D19200C45706 /* ColumnDataTypeModel.swift */,
				F640965D29B525E500C45706 /* NewRowModel.swift */,
				F640966129B53CD800C45706 /* InsertModel.swift */,
			);
			path = Models;
			sourceTree = "<group>";
		};
		F6C796E429B4ADAC009750F2 /* Cells */ = {
			isa = PBXGroup;
			children = (
				F6B5E2A629B23DFC00CB7D18 /* LabelCell.swift */,
				F6163F6529B35BD000A4B07A /* TextFieldCell.swift */,
			);
			path = Cells;
			sourceTree = "<group>";
		};
/* End PBXGroup section */

/* Begin PBXNativeTarget section */
		F67D7C0B29AFD34500747976 /* SQLManager */ = {
			isa = PBXNativeTarget;
			buildConfigurationList = F67D7C2029AFD34800747976 /* Build configuration list for PBXNativeTarget "SQLManager" */;
			buildPhases = (
				84D482292E4FB9B4A9E40B06 /* [CP] Check Pods Manifest.lock */,
				F67D7C0829AFD34500747976 /* Sources */,
				F67D7C0929AFD34500747976 /* Frameworks */,
				F67D7C0A29AFD34500747976 /* Resources */,
				868F819B389767788B0ECB46 /* [CP] Embed Pods Frameworks */,
			);
			buildRules = (
			);
			dependencies = (
			);
			name = SQLManager;
			productName = SQLManager;
			productReference = F67D7C0C29AFD34500747976 /* SQLManager.app */;
			productType = "com.apple.product-type.application";
		};
/* End PBXNativeTarget section */

/* Begin PBXProject section */
		F67D7C0429AFD34500747976 /* Project object */ = {
			isa = PBXProject;
			attributes = {
				BuildIndependentTargetsInParallel = 1;
				LastSwiftUpdateCheck = 1420;
				LastUpgradeCheck = 1420;
				TargetAttributes = {
					F67D7C0B29AFD34500747976 = {
						CreatedOnToolsVersion = 14.2;
					};
				};
			};
			buildConfigurationList = F67D7C0729AFD34500747976 /* Build configuration list for PBXProject "SQLManager" */;
			compatibilityVersion = "Xcode 14.0";
			developmentRegion = en;
			hasScannedForEncodings = 0;
			knownRegions = (
				en,
				Base,
			);
			mainGroup = F67D7C0329AFD34500747976;
			productRefGroup = F67D7C0D29AFD34500747976 /* Products */;
			projectDirPath = "";
			projectRoot = "";
			targets = (
				F67D7C0B29AFD34500747976 /* SQLManager */,
			);
		};
/* End PBXProject section */

/* Begin PBXResourcesBuildPhase section */
		F67D7C0A29AFD34500747976 /* Resources */ = {
			isa = PBXResourcesBuildPhase;
			buildActionMask = 2147483647;
			files = (
				F67D7C1C29AFD34800747976 /* LaunchScreen.storyboard in Resources */,
				F67D7C1929AFD34800747976 /* Assets.xcassets in Resources */,
			);
			runOnlyForDeploymentPostprocessing = 0;
		};
/* End PBXResourcesBuildPhase section */

/* Begin PBXShellScriptBuildPhase section */
		84D482292E4FB9B4A9E40B06 /* [CP] Check Pods Manifest.lock */ = {
			isa = PBXShellScriptBuildPhase;
			buildActionMask = 2147483647;
			files = (
			);
			inputFileListPaths = (
			);
			inputPaths = (
				"${PODS_PODFILE_DIR_PATH}/Podfile.lock",
				"${PODS_ROOT}/Manifest.lock",
			);
			name = "[CP] Check Pods Manifest.lock";
			outputFileListPaths = (
			);
			outputPaths = (
				"$(DERIVED_FILE_DIR)/Pods-SQLManager-checkManifestLockResult.txt",
			);
			runOnlyForDeploymentPostprocessing = 0;
			shellPath = /bin/sh;
			shellScript = "diff \"${PODS_PODFILE_DIR_PATH}/Podfile.lock\" \"${PODS_ROOT}/Manifest.lock\" > /dev/null\nif [ $? != 0 ] ; then\n    # print error to STDERR\n    echo \"error: The sandbox is not in sync with the Podfile.lock. Run 'pod install' or update your CocoaPods installation.\" >&2\n    exit 1\nfi\n# This output is used by Xcode 'outputs' to avoid re-running this script phase.\necho \"SUCCESS\" > \"${SCRIPT_OUTPUT_FILE_0}\"\n";
			showEnvVarsInLog = 0;
		};
		868F819B389767788B0ECB46 /* [CP] Embed Pods Frameworks */ = {
			isa = PBXShellScriptBuildPhase;
			buildActionMask = 2147483647;
			files = (
			);
			inputFileListPaths = (
				"${PODS_ROOT}/Target Support Files/Pods-SQLManager/Pods-SQLManager-frameworks-${CONFIGURATION}-input-files.xcfilelist",
			);
			name = "[CP] Embed Pods Frameworks";
			outputFileListPaths = (
				"${PODS_ROOT}/Target Support Files/Pods-SQLManager/Pods-SQLManager-frameworks-${CONFIGURATION}-output-files.xcfilelist",
			);
			runOnlyForDeploymentPostprocessing = 0;
			shellPath = /bin/sh;
			shellScript = "\"${PODS_ROOT}/Target Support Files/Pods-SQLManager/Pods-SQLManager-frameworks.sh\"\n";
			showEnvVarsInLog = 0;
		};
/* End PBXShellScriptBuildPhase section */

/* Begin PBXSourcesBuildPhase section */
		F67D7C0829AFD34500747976 /* Sources */ = {
			isa = PBXSourcesBuildPhase;
			buildActionMask = 2147483647;
			files = (
				F6C3915B29B08191009E36B4 /* ConnectionViewController.swift in Sources */,
				F640966229B53CD800C45706 /* InsertModel.swift in Sources */,
				F6163F6229B352F300A4B07A /* Observable<T>.swift in Sources */,
				F6BE760929B607080083DD33 /* EditRowViewController.swift in Sources */,
				F67D7C1429AFD34500747976 /* MainViewController.swift in Sources */,
				F640965C29B4D19200C45706 /* ColumnDataTypeModel.swift in Sources */,
				F6B5E2A729B23DFC00CB7D18 /* LabelCell.swift in Sources */,
				F640965E29B525E500C45706 /* NewRowModel.swift in Sources */,
				F6163F5B29B3427800A4B07A /* TabBarController.swift in Sources */,
				F6163F5929B337B300A4B07A /* Extensions.swift in Sources */,
				F67D7C1029AFD34500747976 /* AppDelegate.swift in Sources */,
				F6163F6629B35BD000A4B07A /* TextFieldCell.swift in Sources */,
				F67D7C1229AFD34500747976 /* SceneDelegate.swift in Sources */,
				F6163F6029B34F9A00A4B07A /* AddRowViewController.swift in Sources */,
				F6B5E2A329B0D44300CB7D18 /* ViewModel.swift in Sources */,
				F6B5E2A529B0D9D600CB7D18 /* Constants.swift in Sources */,
			);
			runOnlyForDeploymentPostprocessing = 0;
		};
/* End PBXSourcesBuildPhase section */

/* Begin PBXVariantGroup section */
		F67D7C1A29AFD34800747976 /* LaunchScreen.storyboard */ = {
			isa = PBXVariantGroup;
			children = (
				F67D7C1B29AFD34800747976 /* Base */,
			);
			name = LaunchScreen.storyboard;
			sourceTree = "<group>";
		};
/* End PBXVariantGroup section */

/* Begin XCBuildConfiguration section */
		F67D7C1E29AFD34800747976 /* Debug */ = {
			isa = XCBuildConfiguration;
			buildSettings = {
				ALWAYS_SEARCH_USER_PATHS = NO;
				CLANG_ANALYZER_NONNULL = YES;
				CLANG_ANALYZER_NUMBER_OBJECT_CONVERSION = YES_AGGRESSIVE;
				CLANG_CXX_LANGUAGE_STANDARD = "gnu++20";
				CLANG_ENABLE_MODULES = YES;
				CLANG_ENABLE_OBJC_ARC = YES;
				CLANG_ENABLE_OBJC_WEAK = YES;
				CLANG_WARN_BLOCK_CAPTURE_AUTORELEASING = YES;
				CLANG_WARN_BOOL_CONVERSION = YES;
				CLANG_WARN_COMMA = YES;
				CLANG_WARN_CONSTANT_CONVERSION = YES;
				CLANG_WARN_DEPRECATED_OBJC_IMPLEMENTATIONS = YES;
				CLANG_WARN_DIRECT_OBJC_ISA_USAGE = YES_ERROR;
				CLANG_WARN_DOCUMENTATION_COMMENTS = YES;
				CLANG_WARN_EMPTY_BODY = YES;
				CLANG_WARN_ENUM_CONVERSION = YES;
				CLANG_WARN_INFINITE_RECURSION = YES;
				CLANG_WARN_INT_CONVERSION = YES;
				CLANG_WARN_NON_LITERAL_NULL_CONVERSION = YES;
				CLANG_WARN_OBJC_IMPLICIT_RETAIN_SELF = YES;
				CLANG_WARN_OBJC_LITERAL_CONVERSION = YES;
				CLANG_WARN_OBJC_ROOT_CLASS = YES_ERROR;
				CLANG_WARN_QUOTED_INCLUDE_IN_FRAMEWORK_HEADER = YES;
				CLANG_WARN_RANGE_LOOP_ANALYSIS = YES;
				CLANG_WARN_STRICT_PROTOTYPES = YES;
				CLANG_WARN_SUSPICIOUS_MOVE = YES;
				CLANG_WARN_UNGUARDED_AVAILABILITY = YES_AGGRESSIVE;
				CLANG_WARN_UNREACHABLE_CODE = YES;
				CLANG_WARN__DUPLICATE_METHOD_MATCH = YES;
				COPY_PHASE_STRIP = NO;
				DEBUG_INFORMATION_FORMAT = dwarf;
				ENABLE_STRICT_OBJC_MSGSEND = YES;
				ENABLE_TESTABILITY = YES;
				GCC_C_LANGUAGE_STANDARD = gnu11;
				GCC_DYNAMIC_NO_PIC = NO;
				GCC_NO_COMMON_BLOCKS = YES;
				GCC_OPTIMIZATION_LEVEL = 0;
				GCC_PREPROCESSOR_DEFINITIONS = (
					"DEBUG=1",
					"$(inherited)",
				);
				GCC_WARN_64_TO_32_BIT_CONVERSION = YES;
				GCC_WARN_ABOUT_RETURN_TYPE = YES_ERROR;
				GCC_WARN_UNDECLARED_SELECTOR = YES;
				GCC_WARN_UNINITIALIZED_AUTOS = YES_AGGRESSIVE;
				GCC_WARN_UNUSED_FUNCTION = YES;
				GCC_WARN_UNUSED_VARIABLE = YES;
				IPHONEOS_DEPLOYMENT_TARGET = 16.2;
				MTL_ENABLE_DEBUG_INFO = INCLUDE_SOURCE;
				MTL_FAST_MATH = YES;
				ONLY_ACTIVE_ARCH = YES;
				SDKROOT = iphoneos;
				SWIFT_ACTIVE_COMPILATION_CONDITIONS = DEBUG;
				SWIFT_OPTIMIZATION_LEVEL = "-Onone";
			};
			name = Debug;
		};
		F67D7C1F29AFD34800747976 /* Release */ = {
			isa = XCBuildConfiguration;
			buildSettings = {
				ALWAYS_SEARCH_USER_PATHS = NO;
				CLANG_ANALYZER_NONNULL = YES;
				CLANG_ANALYZER_NUMBER_OBJECT_CONVERSION = YES_AGGRESSIVE;
				CLANG_CXX_LANGUAGE_STANDARD = "gnu++20";
				CLANG_ENABLE_MODULES = YES;
				CLANG_ENABLE_OBJC_ARC = YES;
				CLANG_ENABLE_OBJC_WEAK = YES;
				CLANG_WARN_BLOCK_CAPTURE_AUTORELEASING = YES;
				CLANG_WARN_BOOL_CONVERSION = YES;
				CLANG_WARN_COMMA = YES;
				CLANG_WARN_CONSTANT_CONVERSION = YES;
				CLANG_WARN_DEPRECATED_OBJC_IMPLEMENTATIONS = YES;
				CLANG_WARN_DIRECT_OBJC_ISA_USAGE = YES_ERROR;
				CLANG_WARN_DOCUMENTATION_COMMENTS = YES;
				CLANG_WARN_EMPTY_BODY = YES;
				CLANG_WARN_ENUM_CONVERSION = YES;
				CLANG_WARN_INFINITE_RECURSION = YES;
				CLANG_WARN_INT_CONVERSION = YES;
				CLANG_WARN_NON_LITERAL_NULL_CONVERSION = YES;
				CLANG_WARN_OBJC_IMPLICIT_RETAIN_SELF = YES;
				CLANG_WARN_OBJC_LITERAL_CONVERSION = YES;
				CLANG_WARN_OBJC_ROOT_CLASS = YES_ERROR;
				CLANG_WARN_QUOTED_INCLUDE_IN_FRAMEWORK_HEADER = YES;
				CLANG_WARN_RANGE_LOOP_ANALYSIS = YES;
				CLANG_WARN_STRICT_PROTOTYPES = YES;
				CLANG_WARN_SUSPICIOUS_MOVE = YES;
				CLANG_WARN_UNGUARDED_AVAILABILITY = YES_AGGRESSIVE;
				CLANG_WARN_UNREACHABLE_CODE = YES;
				CLANG_WARN__DUPLICATE_METHOD_MATCH = YES;
				COPY_PHASE_STRIP = NO;
				DEBUG_INFORMATION_FORMAT = "dwarf-with-dsym";
				ENABLE_NS_ASSERTIONS = NO;
				ENABLE_STRICT_OBJC_MSGSEND = YES;
				GCC_C_LANGUAGE_STANDARD = gnu11;
				GCC_NO_COMMON_BLOCKS = YES;
				GCC_WARN_64_TO_32_BIT_CONVERSION = YES;
				GCC_WARN_ABOUT_RETURN_TYPE = YES_ERROR;
				GCC_WARN_UNDECLARED_SELECTOR = YES;
				GCC_WARN_UNINITIALIZED_AUTOS = YES_AGGRESSIVE;
				GCC_WARN_UNUSED_FUNCTION = YES;
				GCC_WARN_UNUSED_VARIABLE = YES;
				IPHONEOS_DEPLOYMENT_TARGET = 16.2;
				MTL_ENABLE_DEBUG_INFO = NO;
				MTL_FAST_MATH = YES;
				SDKROOT = iphoneos;
				SWIFT_COMPILATION_MODE = wholemodule;
				SWIFT_OPTIMIZATION_LEVEL = "-O";
				VALIDATE_PRODUCT = YES;
			};
			name = Release;
		};
		F67D7C2129AFD34800747976 /* Debug */ = {
			isa = XCBuildConfiguration;
			baseConfigurationReference = 57813C0EB07F8A69184EBCEC /* Pods-SQLManager.debug.xcconfig */;
			buildSettings = {
				ASSETCATALOG_COMPILER_APPICON_NAME = AppIcon;
				ASSETCATALOG_COMPILER_GLOBAL_ACCENT_COLOR_NAME = AccentColor;
				CODE_SIGN_STYLE = Automatic;
				CURRENT_PROJECT_VERSION = 1;
				DEVELOPMENT_TEAM = 5374B32457;
				GENERATE_INFOPLIST_FILE = YES;
				INFOPLIST_FILE = SQLManager/Info.plist;
				INFOPLIST_KEY_UIApplicationSupportsIndirectInputEvents = YES;
				INFOPLIST_KEY_UILaunchStoryboardName = LaunchScreen.storyboard;
				INFOPLIST_KEY_UISupportedInterfaceOrientations_iPad = "UIInterfaceOrientationPortrait UIInterfaceOrientationPortraitUpsideDown UIInterfaceOrientationLandscapeLeft UIInterfaceOrientationLandscapeRight";
				INFOPLIST_KEY_UISupportedInterfaceOrientations_iPhone = "UIInterfaceOrientationPortrait UIInterfaceOrientationLandscapeLeft UIInterfaceOrientationLandscapeRight";
				IPHONEOS_DEPLOYMENT_TARGET = 15.0;
				LD_RUNPATH_SEARCH_PATHS = (
					"$(inherited)",
					"@executable_path/Frameworks",
				);
				MARKETING_VERSION = 1.0;
				PRODUCT_BUNDLE_IDENTIFIER = vdc.SQLManager;
				PRODUCT_NAME = "$(TARGET_NAME)";
				SWIFT_EMIT_LOC_STRINGS = YES;
				SWIFT_VERSION = 5.0;
				TARGETED_DEVICE_FAMILY = "1,2";
			};
			name = Debug;
		};
		F67D7C2229AFD34800747976 /* Release */ = {
			isa = XCBuildConfiguration;
			baseConfigurationReference = 27B2B85CE345FF03929D3037 /* Pods-SQLManager.release.xcconfig */;
			buildSettings = {
				ASSETCATALOG_COMPILER_APPICON_NAME = AppIcon;
				ASSETCATALOG_COMPILER_GLOBAL_ACCENT_COLOR_NAME = AccentColor;
				CODE_SIGN_STYLE = Automatic;
				CURRENT_PROJECT_VERSION = 1;
				DEVELOPMENT_TEAM = 5374B32457;
				GENERATE_INFOPLIST_FILE = YES;
				INFOPLIST_FILE = SQLManager/Info.plist;
				INFOPLIST_KEY_UIApplicationSupportsIndirectInputEvents = YES;
				INFOPLIST_KEY_UILaunchStoryboardName = LaunchScreen.storyboard;
				INFOPLIST_KEY_UISupportedInterfaceOrientations_iPad = "UIInterfaceOrientationPortrait UIInterfaceOrientationPortraitUpsideDown UIInterfaceOrientationLandscapeLeft UIInterfaceOrientationLandscapeRight";
				INFOPLIST_KEY_UISupportedInterfaceOrientations_iPhone = "UIInterfaceOrientationPortrait UIInterfaceOrientationLandscapeLeft UIInterfaceOrientationLandscapeRight";
				IPHONEOS_DEPLOYMENT_TARGET = 15.0;
				LD_RUNPATH_SEARCH_PATHS = (
					"$(inherited)",
					"@executable_path/Frameworks",
				);
				MARKETING_VERSION = 1.0;
				PRODUCT_BUNDLE_IDENTIFIER = vdc.SQLManager;
				PRODUCT_NAME = "$(TARGET_NAME)";
				SWIFT_EMIT_LOC_STRINGS = YES;
				SWIFT_VERSION = 5.0;
				TARGETED_DEVICE_FAMILY = "1,2";
			};
			name = Release;
		};
/* End XCBuildConfiguration section */

/* Begin XCConfigurationList section */
		F67D7C0729AFD34500747976 /* Build configuration list for PBXProject "SQLManager" */ = {
			isa = XCConfigurationList;
			buildConfigurations = (
				F67D7C1E29AFD34800747976 /* Debug */,
				F67D7C1F29AFD34800747976 /* Release */,
			);
			defaultConfigurationIsVisible = 0;
			defaultConfigurationName = Release;
		};
		F67D7C2029AFD34800747976 /* Build configuration list for PBXNativeTarget "SQLManager" */ = {
			isa = XCConfigurationList;
			buildConfigurations = (
				F67D7C2129AFD34800747976 /* Debug */,
				F67D7C2229AFD34800747976 /* Release */,
			);
			defaultConfigurationIsVisible = 0;
			defaultConfigurationName = Release;
		};
/* End XCConfigurationList section */
	};
	rootObject = F67D7C0429AFD34500747976 /* Project object */;
}
